// !$*UTF8*$!
{
	archiveVersion = 1;
	classes = {
	};
	objectVersion = 56;
	objects = {

/* Begin PBXBuildFile section */
		4E7AAE1E2B32F5D80098323E /* AppDelegate.swift in Sources */ = {isa = PBXBuildFile; fileRef = 4E7AAE1D2B32F5D80098323E /* AppDelegate.swift */; };
		4E7AAE202B32F5D80098323E /* SceneDelegate.swift in Sources */ = {isa = PBXBuildFile; fileRef = 4E7AAE1F2B32F5D80098323E /* SceneDelegate.swift */; };
		4E7AAE222B32F5D80098323E /* ViewController.swift in Sources */ = {isa = PBXBuildFile; fileRef = 4E7AAE212B32F5D80098323E /* ViewController.swift */; };
		4E7AAE252B32F5D80098323E /* Main.storyboard in Resources */ = {isa = PBXBuildFile; fileRef = 4E7AAE232B32F5D80098323E /* Main.storyboard */; };
		4E7AAE272B32F5D90098323E /* Assets.xcassets in Resources */ = {isa = PBXBuildFile; fileRef = 4E7AAE262B32F5D90098323E /* Assets.xcassets */; };
		4E7AAE2A2B32F5D90098323E /* LaunchScreen.storyboard in Resources */ = {isa = PBXBuildFile; fileRef = 4E7AAE282B32F5D90098323E /* LaunchScreen.storyboard */; };
		4E7AAE322B32FCBA0098323E /* SignUpViewController.swift in Sources */ = {isa = PBXBuildFile; fileRef = 4E7AAE312B32FCBA0098323E /* SignUpViewController.swift */; };
		4E7AAE342B32FCC70098323E /* MainPageViewController.swift in Sources */ = {isa = PBXBuildFile; fileRef = 4E7AAE332B32FCC70098323E /* MainPageViewController.swift */; };
/* End PBXBuildFile section */

/* Begin PBXFileReference section */
		4E7AAE1A2B32F5D80098323E /* HoroscopeCommentator.app */ = {isa = PBXFileReference; explicitFileType = wrapper.application; includeInIndex = 0; path = HoroscopeCommentator.app; sourceTree = BUILT_PRODUCTS_DIR; };
		4E7AAE1D2B32F5D80098323E /* AppDelegate.swift */ = {isa = PBXFileReference; lastKnownFileType = sourcecode.swift; path = AppDelegate.swift; sourceTree = "<group>"; };
		4E7AAE1F2B32F5D80098323E /* SceneDelegate.swift */ = {isa = PBXFileReference; lastKnownFileType = sourcecode.swift; path = SceneDelegate.swift; sourceTree = "<group>"; };
		4E7AAE212B32F5D80098323E /* ViewController.swift */ = {isa = PBXFileReference; lastKnownFileType = sourcecode.swift; path = ViewController.swift; sourceTree = "<group>"; };
		4E7AAE242B32F5D80098323E /* Base */ = {isa = PBXFileReference; lastKnownFileType = file.storyboard; name = Base; path = Base.lproj/Main.storyboard; sourceTree = "<group>"; };
		4E7AAE262B32F5D90098323E /* Assets.xcassets */ = {isa = PBXFileReference; lastKnownFileType = folder.assetcatalog; path = Assets.xcassets; sourceTree = "<group>"; };
		4E7AAE292B32F5D90098323E /* Base */ = {isa = PBXFileReference; lastKnownFileType = file.storyboard; name = Base; path = Base.lproj/LaunchScreen.storyboard; sourceTree = "<group>"; };
		4E7AAE2B2B32F5D90098323E /* Info.plist */ = {isa = PBXFileReference; lastKnownFileType = text.plist.xml; path = Info.plist; sourceTree = "<group>"; };
		4E7AAE312B32FCBA0098323E /* SignUpViewController.swift */ = {isa = PBXFileReference; lastKnownFileType = sourcecode.swift; path = SignUpViewController.swift; sourceTree = "<group>"; };
		4E7AAE332B32FCC70098323E /* MainPageViewController.swift */ = {isa = PBXFileReference; lastKnownFileType = sourcecode.swift; path = MainPageViewController.swift; sourceTree = "<group>"; };
/* End PBXFileReference section */

/* Begin PBXFrameworksBuildPhase section */
		4E7AAE172B32F5D80098323E /* Frameworks */ = {
			isa = PBXFrameworksBuildPhase;
			buildActionMask = 2147483647;
			files = (
			);
			runOnlyForDeploymentPostprocessing = 0;
		};
/* End PBXFrameworksBuildPhase section */

/* Begin PBXGroup section */
		4E7AAE112B32F5D80098323E = {
			isa = PBXGroup;
			children = (
				4E7AAE1C2B32F5D80098323E /* HoroscopeCommentator */,
				4E7AAE1B2B32F5D80098323E /* Products */,
			);
			sourceTree = "<group>";
		};
		4E7AAE1B2B32F5D80098323E /* Products */ = {
			isa = PBXGroup;
			children = (
				4E7AAE1A2B32F5D80098323E /* HoroscopeCommentator.app */,
			);
			name = Products;
			sourceTree = "<group>";
		};
		4E7AAE1C2B32F5D80098323E /* HoroscopeCommentator */ = {
			isa = PBXGroup;
			children = (
				4E7AAE1D2B32F5D80098323E /* AppDelegate.swift */,
				4E7AAE1F2B32F5D80098323E /* SceneDelegate.swift */,
				4E7AAE212B32F5D80098323E /* ViewController.swift */,
				4E7AAE332B32FCC70098323E /* MainPageViewController.swift */,
				4E7AAE312B32FCBA0098323E /* SignUpViewController.swift */,
				4E7AAE232B32F5D80098323E /* Main.storyboard */,
				4E7AAE262B32F5D90098323E /* Assets.xcassets */,
				4E7AAE282B32F5D90098323E /* LaunchScreen.storyboard */,
				4E7AAE2B2B32F5D90098323E /* Info.plist */,
			);
			path = HoroscopeCommentator;
			sourceTree = "<group>";
		};
/* End PBXGroup section */

/* Begin PBXNativeTarget section */
		4E7AAE192B32F5D80098323E /* HoroscopeCommentator */ = {
			isa = PBXNativeTarget;
			buildConfigurationList = 4E7AAE2E2B32F5D90098323E /* Build configuration list for PBXNativeTarget "HoroscopeCommentator" */;
			buildPhases = (
				4E7AAE162B32F5D80098323E /* Sources */,
				4E7AAE172B32F5D80098323E /* Frameworks */,
				4E7AAE182B32F5D80098323E /* Resources */,
			);
			buildRules = (
			);
			dependencies = (
			);
			name = HoroscopeCommentator;
			productName = HoroscopeCommentator;
			productReference = 4E7AAE1A2B32F5D80098323E /* HoroscopeCommentator.app */;
			productType = "com.apple.product-type.application";
		};
/* End PBXNativeTarget section */

/* Begin PBXProject section */
		4E7AAE122B32F5D80098323E /* Project object */ = {
			isa = PBXProject;
			attributes = {
				BuildIndependentTargetsInParallel = 1;
				LastSwiftUpdateCheck = 1510;
				LastUpgradeCheck = 1510;
				TargetAttributes = {
					4E7AAE192B32F5D80098323E = {
						CreatedOnToolsVersion = 15.1;
					};
				};
			};
			buildConfigurationList = 4E7AAE152B32F5D80098323E /* Build configuration list for PBXProject "HoroscopeCommentator" */;
			compatibilityVersion = "Xcode 14.0";
			developmentRegion = en;
			hasScannedForEncodings = 0;
			knownRegions = (
				en,
				Base,
			);
			mainGroup = 4E7AAE112B32F5D80098323E;
			productRefGroup = 4E7AAE1B2B32F5D80098323E /* Products */;
			projectDirPath = "";
			projectRoot = "";
			targets = (
				4E7AAE192B32F5D80098323E /* HoroscopeCommentator */,
			);
		};
/* End PBXProject section */

/* Begin PBXResourcesBuildPhase section */
		4E7AAE182B32F5D80098323E /* Resources */ = {
			isa = PBXResourcesBuildPhase;
			buildActionMask = 2147483647;
			files = (
				4E7AAE2A2B32F5D90098323E /* LaunchScreen.storyboard in Resources */,
				4E7AAE272B32F5D90098323E /* Assets.xcassets in Resources */,
				4E7AAE252B32F5D80098323E /* Main.storyboard in Resources */,
			);
			runOnlyForDeploymentPostprocessing = 0;
		};
/* End PBXResourcesBuildPhase section */

/* Begin PBXSourcesBuildPhase section */
		4E7AAE162B32F5D80098323E /* Sources */ = {
			isa = PBXSourcesBuildPhase;
			buildActionMask = 2147483647;
			files = (
				4E7AAE342B32FCC70098323E /* MainPageViewController.swift in Sources */,
				4E7AAE222B32F5D80098323E /* ViewController.swift in Sources */,
				4E7AAE1E2B32F5D80098323E /* AppDelegate.swift in Sources */,
				4E7AAE322B32FCBA0098323E /* SignUpViewController.swift in Sources */,
				4E7AAE202B32F5D80098323E /* SceneDelegate.swift in Sources */,
			);
			runOnlyForDeploymentPostprocessing = 0;
		};
/* End PBXSourcesBuildPhase section */

/* Begin PBXVariantGroup section */
		4E7AAE232B32F5D80098323E /* Main.storyboard */ = {
			isa = PBXVariantGroup;
			children = (
				4E7AAE242B32F5D80098323E /* Base */,
			);
			name = Main.storyboard;
			sourceTree = "<group>";
		};
		4E7AAE282B32F5D90098323E /* LaunchScreen.storyboard */ = {
			isa = PBXVariantGroup;
			children = (
				4E7AAE292B32F5D90098323E /* Base */,
			);
			name = LaunchScreen.storyboard;
			sourceTree = "<group>";
		};
/* End PBXVariantGroup section */

/* Begin XCBuildConfiguration section */
		4E7AAE2C2B32F5D90098323E /* Debug */ = {
			isa = XCBuildConfiguration;
			buildSettings = {
				ALWAYS_SEARCH_USER_PATHS = NO;
				ASSETCATALOG_COMPILER_GENERATE_SWIFT_ASSET_SYMBOL_EXTENSIONS = YES;
				CLANG_ANALYZER_NONNULL = YES;
				CLANG_ANALYZER_NUMBER_OBJECT_CONVERSION = YES_AGGRESSIVE;
				CLANG_CXX_LANGUAGE_STANDARD = "gnu++20";
				CLANG_ENABLE_MODULES = YES;
				CLANG_ENABLE_OBJC_ARC = YES;
				CLANG_ENABLE_OBJC_WEAK = YES;
				CLANG_WARN_BLOCK_CAPTURE_AUTORELEASING = YES;
				CLANG_WARN_BOOL_CONVERSION = YES;
				CLANG_WARN_COMMA = YES;
				CLANG_WARN_CONSTANT_CONVERSION = YES;
				CLANG_WARN_DEPRECATED_OBJC_IMPLEMENTATIONS = YES;
				CLANG_WARN_DIRECT_OBJC_ISA_USAGE = YES_ERROR;
				CLANG_WARN_DOCUMENTATION_COMMENTS = YES;
				CLANG_WARN_EMPTY_BODY = YES;
				CLANG_WARN_ENUM_CONVERSION = YES;
				CLANG_WARN_INFINITE_RECURSION = YES;
				CLANG_WARN_INT_CONVERSION = YES;
				CLANG_WARN_NON_LITERAL_NULL_CONVERSION = YES;
				CLANG_WARN_OBJC_IMPLICIT_RETAIN_SELF = YES;
				CLANG_WARN_OBJC_LITERAL_CONVERSION = YES;
				CLANG_WARN_OBJC_ROOT_CLASS = YES_ERROR;
				CLANG_WARN_QUOTED_INCLUDE_IN_FRAMEWORK_HEADER = YES;
				CLANG_WARN_RANGE_LOOP_ANALYSIS = YES;
				CLANG_WARN_STRICT_PROTOTYPES = YES;
				CLANG_WARN_SUSPICIOUS_MOVE = YES;
				CLANG_WARN_UNGUARDED_AVAILABILITY = YES_AGGRESSIVE;
				CLANG_WARN_UNREACHABLE_CODE = YES;
				CLANG_WARN__DUPLICATE_METHOD_MATCH = YES;
				COPY_PHASE_STRIP = NO;
				DEBUG_INFORMATION_FORMAT = dwarf;
				ENABLE_STRICT_OBJC_MSGSEND = YES;
				ENABLE_TESTABILITY = YES;
				ENABLE_USER_SCRIPT_SANDBOXING = YES;
				GCC_C_LANGUAGE_STANDARD = gnu17;
				GCC_DYNAMIC_NO_PIC = NO;
				GCC_NO_COMMON_BLOCKS = YES;
				GCC_OPTIMIZATION_LEVEL = 0;
				GCC_PREPROCESSOR_DEFINITIONS = (
					"DEBUG=1",
					"$(inherited)",
				);
				GCC_WARN_64_TO_32_BIT_CONVERSION = YES;
				GCC_WARN_ABOUT_RETURN_TYPE = YES_ERROR;
				GCC_WARN_UNDECLARED_SELECTOR = YES;
				GCC_WARN_UNINITIALIZED_AUTOS = YES_AGGRESSIVE;
				GCC_WARN_UNUSED_FUNCTION = YES;
				GCC_WARN_UNUSED_VARIABLE = YES;
				IPHONEOS_DEPLOYMENT_TARGET = 17.2;
				LOCALIZATION_PREFERS_STRING_CATALOGS = YES;
				MTL_ENABLE_DEBUG_INFO = INCLUDE_SOURCE;
				MTL_FAST_MATH = YES;
				ONLY_ACTIVE_ARCH = YES;
				SDKROOT = iphoneos;
				SWIFT_ACTIVE_COMPILATION_CONDITIONS = "DEBUG $(inherited)";
				SWIFT_OPTIMIZATION_LEVEL = "-Onone";
			};
			name = Debug;
		};
		4E7AAE2D2B32F5D90098323E /* Release */ = {
			isa = XCBuildConfiguration;
			buildSettings = {
				ALWAYS_SEARCH_USER_PATHS = NO;
				ASSETCATALOG_COMPILER_GENERATE_SWIFT_ASSET_SYMBOL_EXTENSIONS = YES;
				CLANG_ANALYZER_NONNULL = YES;
				CLANG_ANALYZER_NUMBER_OBJECT_CONVERSION = YES_AGGRESSIVE;
				CLANG_CXX_LANGUAGE_STANDARD = "gnu++20";
				CLANG_ENABLE_MODULES = YES;
				CLANG_ENABLE_OBJC_ARC = YES;
				CLANG_ENABLE_OBJC_WEAK = YES;
				CLANG_WARN_BLOCK_CAPTURE_AUTORELEASING = YES;
				CLANG_WARN_BOOL_CONVERSION = YES;
				CLANG_WARN_COMMA = YES;
				CLANG_WARN_CONSTANT_CONVERSION = YES;
				CLANG_WARN_DEPRECATED_OBJC_IMPLEMENTATIONS = YES;
				CLANG_WARN_DIRECT_OBJC_ISA_USAGE = YES_ERROR;
				CLANG_WARN_DOCUMENTATION_COMMENTS = YES;
				CLANG_WARN_EMPTY_BODY = YES;
				CLANG_WARN_ENUM_CONVERSION = YES;
				CLANG_WARN_INFINITE_RECURSION = YES;
				CLANG_WARN_INT_CONVERSION = YES;
				CLANG_WARN_NON_LITERAL_NULL_CONVERSION = YES;
				CLANG_WARN_OBJC_IMPLICIT_RETAIN_SELF = YES;
				CLANG_WARN_OBJC_LITERAL_CONVERSION = YES;
				CLANG_WARN_OBJC_ROOT_CLASS = YES_ERROR;
				CLANG_WARN_QUOTED_INCLUDE_IN_FRAMEWORK_HEADER = YES;
				CLANG_WARN_RANGE_LOOP_ANALYSIS = YES;
				CLANG_WARN_STRICT_PROTOTYPES = YES;
				CLANG_WARN_SUSPICIOUS_MOVE = YES;
				CLANG_WARN_UNGUARDED_AVAILABILITY = YES_AGGRESSIVE;
				CLANG_WARN_UNREACHABLE_CODE = YES;
				CLANG_WARN__DUPLICATE_METHOD_MATCH = YES;
				COPY_PHASE_STRIP = NO;
				DEBUG_INFORMATION_FORMAT = "dwarf-with-dsym";
				ENABLE_NS_ASSERTIONS = NO;
				ENABLE_STRICT_OBJC_MSGSEND = YES;
				ENABLE_USER_SCRIPT_SANDBOXING = YES;
				GCC_C_LANGUAGE_STANDARD = gnu17;
				GCC_NO_COMMON_BLOCKS = YES;
				GCC_WARN_64_TO_32_BIT_CONVERSION = YES;
				GCC_WARN_ABOUT_RETURN_TYPE = YES_ERROR;
				GCC_WARN_UNDECLARED_SELECTOR = YES;
				GCC_WARN_UNINITIALIZED_AUTOS = YES_AGGRESSIVE;
				GCC_WARN_UNUSED_FUNCTION = YES;
				GCC_WARN_UNUSED_VARIABLE = YES;
				IPHONEOS_DEPLOYMENT_TARGET = 17.2;
				LOCALIZATION_PREFERS_STRING_CATALOGS = YES;
				MTL_ENABLE_DEBUG_INFO = NO;
				MTL_FAST_MATH = YES;
				SDKROOT = iphoneos;
				SWIFT_COMPILATION_MODE = wholemodule;
				VALIDATE_PRODUCT = YES;
			};
			name = Release;
		};
		4E7AAE2F2B32F5D90098323E /* Debug */ = {
			isa = XCBuildConfiguration;
			buildSettings = {
				ASSETCATALOG_COMPILER_APPICON_NAME = AppIcon;
				ASSETCATALOG_COMPILER_GLOBAL_ACCENT_COLOR_NAME = AccentColor;
				CODE_SIGN_STYLE = Automatic;
				CURRENT_PROJECT_VERSION = 1;
				DEVELOPMENT_TEAM = GLHD9SFFNS;
				GENERATE_INFOPLIST_FILE = YES;
				INFOPLIST_FILE = HoroscopeCommentator/Info.plist;
				INFOPLIST_KEY_UIApplicationSupportsIndirectInputEvents = YES;
				INFOPLIST_KEY_UILaunchStoryboardName = LaunchScreen;
				INFOPLIST_KEY_UIMainStoryboardFile = Main;
				INFOPLIST_KEY_UISupportedInterfaceOrientations_iPad = "UIInterfaceOrientationPortrait UIInterfaceOrientationPortraitUpsideDown UIInterfaceOrientationLandscapeLeft UIInterfaceOrientationLandscapeRight";
				INFOPLIST_KEY_UISupportedInterfaceOrientations_iPhone = "UIInterfaceOrientationPortrait UIInterfaceOrientationLandscapeLeft UIInterfaceOrientationLandscapeRight";
				LD_RUNPATH_SEARCH_PATHS = (
					"$(inherited)",
					"@executable_path/Frameworks",
				);
				MARKETING_VERSION = 1.0;
				PRODUCT_BUNDLE_IDENTIFIER = hkaya.HoroscopeCommentator;
				PRODUCT_NAME = "$(TARGET_NAME)";
				SWIFT_EMIT_LOC_STRINGS = YES;
				SWIFT_VERSION = 5.0;
				TARGETED_DEVICE_FAMILY = "1,2";
			};
			name = Debug;
		};
		4E7AAE302B32F5D90098323E /* Release */ = {
			isa = XCBuildConfiguration;
			buildSettings = {
				ASSETCATALOG_COMPILER_APPICON_NAME = AppIcon;
				ASSETCATALOG_COMPILER_GLOBAL_ACCENT_COLOR_NAME = AccentColor;
				CODE_SIGN_STYLE = Automatic;
				CURRENT_PROJECT_VERSION = 1;
				DEVELOPMENT_TEAM = GLHD9SFFNS;
				GENERATE_INFOPLIST_FILE = YES;
				INFOPLIST_FILE = HoroscopeCommentator/Info.plist;
				INFOPLIST_KEY_UIApplicationSupportsIndirectInputEvents = YES;
				INFOPLIST_KEY_UILaunchStoryboardName = LaunchScreen;
				INFOPLIST_KEY_UIMainStoryboardFile = Main;
				INFOPLIST_KEY_UISupportedInterfaceOrientations_iPad = "UIInterfaceOrientationPortrait UIInterfaceOrientationPortraitUpsideDown UIInterfaceOrientationLandscapeLeft UIInterfaceOrientationLandscapeRight";
				INFOPLIST_KEY_UISupportedInterfaceOrientations_iPhone = "UIInterfaceOrientationPortrait UIInterfaceOrientationLandscapeLeft UIInterfaceOrientationLandscapeRight";
				LD_RUNPATH_SEARCH_PATHS = (
					"$(inherited)",
					"@executable_path/Frameworks",
				);
				MARKETING_VERSION = 1.0;
				PRODUCT_BUNDLE_IDENTIFIER = hkaya.HoroscopeCommentator;
				PRODUCT_NAME = "$(TARGET_NAME)";
				SWIFT_EMIT_LOC_STRINGS = YES;
				SWIFT_VERSION = 5.0;
				TARGETED_DEVICE_FAMILY = "1,2";
			};
			name = Release;
		};
/* End XCBuildConfiguration section */

/* Begin XCConfigurationList section */
		4E7AAE152B32F5D80098323E /* Build configuration list for PBXProject "HoroscopeCommentator" */ = {
			isa = XCConfigurationList;
			buildConfigurations = (
				4E7AAE2C2B32F5D90098323E /* Debug */,
				4E7AAE2D2B32F5D90098323E /* Release */,
			);
			defaultConfigurationIsVisible = 0;
			defaultConfigurationName = Release;
		};
		4E7AAE2E2B32F5D90098323E /* Build configuration list for PBXNativeTarget "HoroscopeCommentator" */ = {
			isa = XCConfigurationList;
			buildConfigurations = (
				4E7AAE2F2B32F5D90098323E /* Debug */,
				4E7AAE302B32F5D90098323E /* Release */,
			);
			defaultConfigurationIsVisible = 0;
			defaultConfigurationName = Release;
		};
/* End XCConfigurationList section */
	};
	rootObject = 4E7AAE122B32F5D80098323E /* Project object */;
}
